// !$*UTF8*$!
{
	archiveVersion = 1;
	classes = {
	};
	objectVersion = 46;
	objects = {

/* Begin PBXBuildFile section */
		E46EF4321B8AB56B00CEC0D0 /* main.m in Sources */ = {isa = PBXBuildFile; fileRef = E46EF4311B8AB56B00CEC0D0 /* main.m */; };
		E46EF4351B8AB56B00CEC0D0 /* AppDelegate.m in Sources */ = {isa = PBXBuildFile; fileRef = E46EF4341B8AB56B00CEC0D0 /* AppDelegate.m */; };
		E46EF4381B8AB56B00CEC0D0 /* ViewController.m in Sources */ = {isa = PBXBuildFile; fileRef = E46EF4371B8AB56B00CEC0D0 /* ViewController.m */; };
		E46EF43B1B8AB56B00CEC0D0 /* Main.storyboard in Resources */ = {isa = PBXBuildFile; fileRef = E46EF4391B8AB56B00CEC0D0 /* Main.storyboard */; };
		E46EF43D1B8AB56B00CEC0D0 /* Images.xcassets in Resources */ = {isa = PBXBuildFile; fileRef = E46EF43C1B8AB56B00CEC0D0 /* Images.xcassets */; };
		E46EF4401B8AB56B00CEC0D0 /* LaunchScreen.xib in Resources */ = {isa = PBXBuildFile; fileRef = E46EF43E1B8AB56B00CEC0D0 /* LaunchScreen.xib */; };
		E46EF44C1B8AB56B00CEC0D0 /* digitAnimationTests.m in Sources */ = {isa = PBXBuildFile; fileRef = E46EF44B1B8AB56B00CEC0D0 /* digitAnimationTests.m */; };
/* End PBXBuildFile section */

/* Begin PBXContainerItemProxy section */
		E46EF4461B8AB56B00CEC0D0 /* PBXContainerItemProxy */ = {
			isa = PBXContainerItemProxy;
			containerPortal = E46EF4241B8AB56B00CEC0D0 /* Project object */;
			proxyType = 1;
			remoteGlobalIDString = E46EF42B1B8AB56B00CEC0D0;
			remoteInfo = digitAnimation;
		};
/* End PBXContainerItemProxy section */

/* Begin PBXFileReference section */
		E46EF42C1B8AB56B00CEC0D0 /* digitAnimation.app */ = {isa = PBXFileReference; explicitFileType = wrapper.application; includeInIndex = 0; path = digitAnimation.app; sourceTree = BUILT_PRODUCTS_DIR; };
		E46EF4301B8AB56B00CEC0D0 /* Info.plist */ = {isa = PBXFileReference; lastKnownFileType = text.plist.xml; path = Info.plist; sourceTree = "<group>"; };
		E46EF4311B8AB56B00CEC0D0 /* main.m */ = {isa = PBXFileReference; lastKnownFileType = sourcecode.c.objc; path = main.m; sourceTree = "<group>"; };
		E46EF4331B8AB56B00CEC0D0 /* AppDelegate.h */ = {isa = PBXFileReference; lastKnownFileType = sourcecode.c.h; path = AppDelegate.h; sourceTree = "<group>"; };
		E46EF4341B8AB56B00CEC0D0 /* AppDelegate.m */ = {isa = PBXFileReference; lastKnownFileType = sourcecode.c.objc; path = AppDelegate.m; sourceTree = "<group>"; };
		E46EF4361B8AB56B00CEC0D0 /* ViewController.h */ = {isa = PBXFileReference; lastKnownFileType = sourcecode.c.h; path = ViewController.h; sourceTree = "<group>"; };
		E46EF4371B8AB56B00CEC0D0 /* ViewController.m */ = {isa = PBXFileReference; lastKnownFileType = sourcecode.c.objc; path = ViewController.m; sourceTree = "<group>"; };
		E46EF43A1B8AB56B00CEC0D0 /* Base */ = {isa = PBXFileReference; lastKnownFileType = file.storyboard; name = Base; path = Base.lproj/Main.storyboard; sourceTree = "<group>"; };
		E46EF43C1B8AB56B00CEC0D0 /* Images.xcassets */ = {isa = PBXFileReference; lastKnownFileType = folder.assetcatalog; path = Images.xcassets; sourceTree = "<group>"; };
		E46EF43F1B8AB56B00CEC0D0 /* Base */ = {isa = PBXFileReference; lastKnownFileType = file.xib; name = Base; path = Base.lproj/LaunchScreen.xib; sourceTree = "<group>"; };
		E46EF4451B8AB56B00CEC0D0 /* digitAnimationTests.xctest */ = {isa = PBXFileReference; explicitFileType = wrapper.cfbundle; includeInIndex = 0; path = digitAnimationTests.xctest; sourceTree = BUILT_PRODUCTS_DIR; };
		E46EF44A1B8AB56B00CEC0D0 /* Info.plist */ = {isa = PBXFileReference; lastKnownFileType = text.plist.xml; path = Info.plist; sourceTree = "<group>"; };
		E46EF44B1B8AB56B00CEC0D0 /* digitAnimationTests.m */ = {isa = PBXFileReference; lastKnownFileType = sourcecode.c.objc; path = digitAnimationTests.m; sourceTree = "<group>"; };
/* End PBXFileReference section */

/* Begin PBXFrameworksBuildPhase section */
		E46EF4291B8AB56B00CEC0D0 /* Frameworks */ = {
			isa = PBXFrameworksBuildPhase;
			buildActionMask = 2147483647;
			files = (
			);
			runOnlyForDeploymentPostprocessing = 0;
		};
		E46EF4421B8AB56B00CEC0D0 /* Frameworks */ = {
			isa = PBXFrameworksBuildPhase;
			buildActionMask = 2147483647;
			files = (
			);
			runOnlyForDeploymentPostprocessing = 0;
		};
/* End PBXFrameworksBuildPhase section */

/* Begin PBXGroup section */
		E46EF4231B8AB56B00CEC0D0 = {
			isa = PBXGroup;
			children = (
				E46EF42E1B8AB56B00CEC0D0 /* digitAnimation */,
				E46EF4481B8AB56B00CEC0D0 /* digitAnimationTests */,
				E46EF42D1B8AB56B00CEC0D0 /* Products */,
			);
			sourceTree = "<group>";
		};
		E46EF42D1B8AB56B00CEC0D0 /* Products */ = {
			isa = PBXGroup;
			children = (
				E46EF42C1B8AB56B00CEC0D0 /* digitAnimation.app */,
				E46EF4451B8AB56B00CEC0D0 /* digitAnimationTests.xctest */,
			);
			name = Products;
			sourceTree = "<group>";
		};
		E46EF42E1B8AB56B00CEC0D0 /* digitAnimation */ = {
			isa = PBXGroup;
			children = (
				E46EF4331B8AB56B00CEC0D0 /* AppDelegate.h */,
				E46EF4341B8AB56B00CEC0D0 /* AppDelegate.m */,
				E46EF4361B8AB56B00CEC0D0 /* ViewController.h */,
				E46EF4371B8AB56B00CEC0D0 /* ViewController.m */,
				E46EF4391B8AB56B00CEC0D0 /* Main.storyboard */,
				E46EF43C1B8AB56B00CEC0D0 /* Images.xcassets */,
				E46EF43E1B8AB56B00CEC0D0 /* LaunchScreen.xib */,
				E46EF42F1B8AB56B00CEC0D0 /* Supporting Files */,
			);
			path = digitAnimation;
			sourceTree = "<group>";
		};
		E46EF42F1B8AB56B00CEC0D0 /* Supporting Files */ = {
			isa = PBXGroup;
			children = (
				E46EF4301B8AB56B00CEC0D0 /* Info.plist */,
				E46EF4311B8AB56B00CEC0D0 /* main.m */,
			);
			name = "Supporting Files";
			sourceTree = "<group>";
		};
		E46EF4481B8AB56B00CEC0D0 /* digitAnimationTests */ = {
			isa = PBXGroup;
			children = (
				E46EF44B1B8AB56B00CEC0D0 /* digitAnimationTests.m */,
				E46EF4491B8AB56B00CEC0D0 /* Supporting Files */,
			);
			path = digitAnimationTests;
			sourceTree = "<group>";
		};
		E46EF4491B8AB56B00CEC0D0 /* Supporting Files */ = {
			isa = PBXGroup;
			children = (
				E46EF44A1B8AB56B00CEC0D0 /* Info.plist */,
			);
			name = "Supporting Files";
			sourceTree = "<group>";
		};
/* End PBXGroup section */

/* Begin PBXNativeTarget section */
		E46EF42B1B8AB56B00CEC0D0 /* digitAnimation */ = {
			isa = PBXNativeTarget;
			buildConfigurationList = E46EF44F1B8AB56B00CEC0D0 /* Build configuration list for PBXNativeTarget "digitAnimation" */;
			buildPhases = (
				E46EF4281B8AB56B00CEC0D0 /* Sources */,
				E46EF4291B8AB56B00CEC0D0 /* Frameworks */,
				E46EF42A1B8AB56B00CEC0D0 /* Resources */,
			);
			buildRules = (
			);
			dependencies = (
			);
			name = digitAnimation;
			productName = digitAnimation;
			productReference = E46EF42C1B8AB56B00CEC0D0 /* digitAnimation.app */;
			productType = "com.apple.product-type.application";
		};
		E46EF4441B8AB56B00CEC0D0 /* digitAnimationTests */ = {
			isa = PBXNativeTarget;
			buildConfigurationList = E46EF4521B8AB56B00CEC0D0 /* Build configuration list for PBXNativeTarget "digitAnimationTests" */;
			buildPhases = (
				E46EF4411B8AB56B00CEC0D0 /* Sources */,
				E46EF4421B8AB56B00CEC0D0 /* Frameworks */,
				E46EF4431B8AB56B00CEC0D0 /* Resources */,
			);
			buildRules = (
			);
			dependencies = (
				E46EF4471B8AB56B00CEC0D0 /* PBXTargetDependency */,
			);
			name = digitAnimationTests;
			productName = digitAnimationTests;
			productReference = E46EF4451B8AB56B00CEC0D0 /* digitAnimationTests.xctest */;
			productType = "com.apple.product-type.bundle.unit-test";
		};
/* End PBXNativeTarget section */

/* Begin PBXProject section */
		E46EF4241B8AB56B00CEC0D0 /* Project object */ = {
			isa = PBXProject;
			attributes = {
				LastUpgradeCheck = 0630;
				ORGANIZATIONNAME = com.launch;
				TargetAttributes = {
					E46EF42B1B8AB56B00CEC0D0 = {
						CreatedOnToolsVersion = 6.3.2;
					};
					E46EF4441B8AB56B00CEC0D0 = {
						CreatedOnToolsVersion = 6.3.2;
						TestTargetID = E46EF42B1B8AB56B00CEC0D0;
					};
				};
			};
			buildConfigurationList = E46EF4271B8AB56B00CEC0D0 /* Build configuration list for PBXProject "digitAnimation" */;
			compatibilityVersion = "Xcode 3.2";
			developmentRegion = English;
			hasScannedForEncodings = 0;
			knownRegions = (
				en,
				Base,
			);
			mainGroup = E46EF4231B8AB56B00CEC0D0;
			productRefGroup = E46EF42D1B8AB56B00CEC0D0 /* Products */;
			projectDirPath = "";
			projectRoot = "";
			targets = (
				E46EF42B1B8AB56B00CEC0D0 /* digitAnimation */,
				E46EF4441B8AB56B00CEC0D0 /* digitAnimationTests */,
			);
		};
/* End PBXProject section */

/* Begin PBXResourcesBuildPhase section */
		E46EF42A1B8AB56B00CEC0D0 /* Resources */ = {
			isa = PBXResourcesBuildPhase;
			buildActionMask = 2147483647;
			files = (
				E46EF43B1B8AB56B00CEC0D0 /* Main.storyboard in Resources */,
				E46EF4401B8AB56B00CEC0D0 /* LaunchScreen.xib in Resources */,
				E46EF43D1B8AB56B00CEC0D0 /* Images.xcassets in Resources */,
			);
			runOnlyForDeploymentPostprocessing = 0;
		};
		E46EF4431B8AB56B00CEC0D0 /* Resources */ = {
			isa = PBXResourcesBuildPhase;
			buildActionMask = 2147483647;
			files = (
			);
			runOnlyForDeploymentPostprocessing = 0;
		};
/* End PBXResourcesBuildPhase section */

/* Begin PBXSourcesBuildPhase section */
		E46EF4281B8AB56B00CEC0D0 /* Sources */ = {
			isa = PBXSourcesBuildPhase;
			buildActionMask = 2147483647;
			files = (
				E46EF4381B8AB56B00CEC0D0 /* ViewController.m in Sources */,
				E46EF4351B8AB56B00CEC0D0 /* AppDelegate.m in Sources */,
				E46EF4321B8AB56B00CEC0D0 /* main.m in Sources */,
			);
			runOnlyForDeploymentPostprocessing = 0;
		};
		E46EF4411B8AB56B00CEC0D0 /* Sources */ = {
			isa = PBXSourcesBuildPhase;
			buildActionMask = 2147483647;
			files = (
				E46EF44C1B8AB56B00CEC0D0 /* digitAnimationTests.m in Sources */,
			);
			runOnlyForDeploymentPostprocessing = 0;
		};
/* End PBXSourcesBuildPhase section */

/* Begin PBXTargetDependency section */
		E46EF4471B8AB56B00CEC0D0 /* PBXTargetDependency */ = {
			isa = PBXTargetDependency;
			target = E46EF42B1B8AB56B00CEC0D0 /* digitAnimation */;
			targetProxy = E46EF4461B8AB56B00CEC0D0 /* PBXContainerItemProxy */;
		};
/* End PBXTargetDependency section */

/* Begin PBXVariantGroup section */
		E46EF4391B8AB56B00CEC0D0 /* Main.storyboard */ = {
			isa = PBXVariantGroup;
			children = (
				E46EF43A1B8AB56B00CEC0D0 /* Base */,
			);
			name = Main.storyboard;
			sourceTree = "<group>";
		};
		E46EF43E1B8AB56B00CEC0D0 /* LaunchScreen.xib */ = {
			isa = PBXVariantGroup;
			children = (
				E46EF43F1B8AB56B00CEC0D0 /* Base */,
			);
			name = LaunchScreen.xib;
			sourceTree = "<group>";
		};
/* End PBXVariantGroup section */

/* Begin XCBuildConfiguration section */
		E46EF44D1B8AB56B00CEC0D0 /* Debug */ = {
			isa = XCBuildConfiguration;
			buildSettings = {
				ALWAYS_SEARCH_USER_PATHS = NO;
				CLANG_CXX_LANGUAGE_STANDARD = "gnu++0x";
				CLANG_CXX_LIBRARY = "libc++";
				CLANG_ENABLE_MODULES = YES;
				CLANG_ENABLE_OBJC_ARC = YES;
				CLANG_WARN_BOOL_CONVERSION = YES;
				CLANG_WARN_CONSTANT_CONVERSION = YES;
				CLANG_WARN_DIRECT_OBJC_ISA_USAGE = YES_ERROR;
				CLANG_WARN_EMPTY_BODY = YES;
				CLANG_WARN_ENUM_CONVERSION = YES;
				CLANG_WARN_INT_CONVERSION = YES;
				CLANG_WARN_OBJC_ROOT_CLASS = YES_ERROR;
				CLANG_WARN_UNREACHABLE_CODE = YES;
				CLANG_WARN__DUPLICATE_METHOD_MATCH = YES;
				"CODE_SIGN_IDENTITY[sdk=iphoneos*]" = "iPhone Developer";
				COPY_PHASE_STRIP = NO;
				DEBUG_INFORMATION_FORMAT = "dwarf-with-dsym";
				ENABLE_STRICT_OBJC_MSGSEND = YES;
				GCC_C_LANGUAGE_STANDARD = gnu99;
				GCC_DYNAMIC_NO_PIC = NO;
				GCC_NO_COMMON_BLOCKS = YES;
				GCC_OPTIMIZATION_LEVEL = 0;
				GCC_PREPROCESSOR_DEFINITIONS = (
					"DEBUG=1",
					"$(inherited)",
				);
				GCC_SYMBOLS_PRIVATE_EXTERN = NO;
				GCC_WARN_64_TO_32_BIT_CONVERSION = YES;
				GCC_WARN_ABOUT_RETURN_TYPE = YES_ERROR;
				GCC_WARN_UNDECLARED_SELECTOR = YES;
				GCC_WARN_UNINITIALIZED_AUTOS = YES_AGGRESSIVE;
				GCC_WARN_UNUSED_FUNCTION = YES;
				GCC_WARN_UNUSED_VARIABLE = YES;
				IPHONEOS_DEPLOYMENT_TARGET = 8.3;
				MTL_ENABLE_DEBUG_INFO = YES;
				ONLY_ACTIVE_ARCH = YES;
				SDKROOT = iphoneos;
				TARGETED_DEVICE_FAMILY = "1,2";
			};
			name = Debug;
		};
		E46EF44E1B8AB56B00CEC0D0 /* Release */ = {
			isa = XCBuildConfiguration;
			buildSettings = {
				ALWAYS_SEARCH_USER_PATHS = NO;
				CLANG_CXX_LANGUAGE_STANDARD = "gnu++0x";
				CLANG_CXX_LIBRARY = "libc++";
				CLANG_ENABLE_MODULES = YES;
				CLANG_ENABLE_OBJC_ARC = YES;
				CLANG_WARN_BOOL_CONVERSION = YES;
				CLANG_WARN_CONSTANT_CONVERSION = YES;
				CLANG_WARN_DIRECT_OBJC_ISA_USAGE = YES_ERROR;
				CLANG_WARN_EMPTY_BODY = YES;
				CLANG_WARN_ENUM_CONVERSION = YES;
				CLANG_WARN_INT_CONVERSION = YES;
				CLANG_WARN_OBJC_ROOT_CLASS = YES_ERROR;
				CLANG_WARN_UNREACHABLE_CODE = YES;
				CLANG_WARN__DUPLICATE_METHOD_MATCH = YES;
				"CODE_SIGN_IDENTITY[sdk=iphoneos*]" = "iPhone Developer";
				COPY_PHASE_STRIP = NO;
				DEBUG_INFORMATION_FORMAT = "dwarf-with-dsym";
				ENABLE_NS_ASSERTIONS = NO;
				ENABLE_STRICT_OBJC_MSGSEND = YES;
				GCC_C_LANGUAGE_STANDARD = gnu99;
				GCC_NO_COMMON_BLOCKS = YES;
				GCC_WARN_64_TO_32_BIT_CONVERSION = YES;
				GCC_WARN_ABOUT_RETURN_TYPE = YES_ERROR;
				GCC_WARN_UNDECLARED_SELECTOR = YES;
				GCC_WARN_UNINITIALIZED_AUTOS = YES_AGGRESSIVE;
				GCC_WARN_UNUSED_FUNCTION = YES;
				GCC_WARN_UNUSED_VARIABLE = YES;
				IPHONEOS_DEPLOYMENT_TARGET = 8.3;
				MTL_ENABLE_DEBUG_INFO = NO;
				SDKROOT = iphoneos;
				TARGETED_DEVICE_FAMILY = "1,2";
				VALIDATE_PRODUCT = YES;
			};
			name = Release;
		};
		E46EF4501B8AB56B00CEC0D0 /* Debug */ = {
			isa = XCBuildConfiguration;
			buildSettings = {
				ASSETCATALOG_COMPILER_APPICON_NAME = AppIcon;
				INFOPLIST_FILE = digitAnimation/Info.plist;
				LD_RUNPATH_SEARCH_PATHS = "$(inherited) @executable_path/Frameworks";
				PRODUCT_NAME = "$(TARGET_NAME)";
			};
			name = Debug;
		};
		E46EF4511B8AB56B00CEC0D0 /* Release */ = {
			isa = XCBuildConfiguration;
			buildSettings = {
				ASSETCATALOG_COMPILER_APPICON_NAME = AppIcon;
				INFOPLIST_FILE = digitAnimation/Info.plist;
				LD_RUNPATH_SEARCH_PATHS = "$(inherited) @executable_path/Frameworks";
				PRODUCT_NAME = "$(TARGET_NAME)";
			};
			name = Release;
		};
		E46EF4531B8AB56B00CEC0D0 /* Debug */ = {
			isa = XCBuildConfiguration;
			buildSettings = {
				BUNDLE_LOADER = "$(TEST_HOST)";
				FRAMEWORK_SEARCH_PATHS = (
					"$(SDKROOT)/Developer/Library/Frameworks",
					"$(inherited)",
				);
				GCC_PREPROCESSOR_DEFINITIONS = (
					"DEBUG=1",
					"$(inherited)",
				);
				INFOPLIST_FILE = digitAnimationTests/Info.plist;
				LD_RUNPATH_SEARCH_PATHS = "$(inherited) @executable_path/Frameworks @loader_path/Frameworks";
				PRODUCT_NAME = "$(TARGET_NAME)";
				TEST_HOST = "$(BUILT_PRODUCTS_DIR)/digitAnimation.app/digitAnimation";
			};
			name = Debug;
		};
		E46EF4541B8AB56B00CEC0D0 /* Release */ = {
			isa = XCBuildConfiguration;
			buildSettings = {
				BUNDLE_LOADER = "$(TEST_HOST)";
				FRAMEWORK_SEARCH_PATHS = (
					"$(SDKROOT)/Developer/Library/Frameworks",
					"$(inherited)",
				);
				INFOPLIST_FILE = digitAnimationTests/Info.plist;
				LD_RUNPATH_SEARCH_PATHS = "$(inherited) @executable_path/Frameworks @loader_path/Frameworks";
				PRODUCT_NAME = "$(TARGET_NAME)";
				TEST_HOST = "$(BUILT_PRODUCTS_DIR)/digitAnimation.app/digitAnimation";
			};
			name = Release;
		};
/* End XCBuildConfiguration section */

/* Begin XCConfigurationList section */
		E46EF4271B8AB56B00CEC0D0 /* Build configuration list for PBXProject "digitAnimation" */ = {
			isa = XCConfigurationList;
			buildConfigurations = (
				E46EF44D1B8AB56B00CEC0D0 /* Debug */,
				E46EF44E1B8AB56B00CEC0D0 /* Release */,
			);
			defaultConfigurationIsVisible = 0;
			defaultConfigurationName = Release;
		};
		E46EF44F1B8AB56B00CEC0D0 /* Build configuration list for PBXNativeTarget "digitAnimation" */ = {
			isa = XCConfigurationList;
			buildConfigurations = (
				E46EF4501B8AB56B00CEC0D0 /* Debug */,
				E46EF4511B8AB56B00CEC0D0 /* Release */,
			);
			defaultConfigurationIsVisible = 0;
		};
		E46EF4521B8AB56B00CEC0D0 /* Build configuration list for PBXNativeTarget "digitAnimationTests" */ = {
			isa = XCConfigurationList;
			buildConfigurations = (
				E46EF4531B8AB56B00CEC0D0 /* Debug */,
				E46EF4541B8AB56B00CEC0D0 /* Release */,
			);
			defaultConfigurationIsVisible = 0;
		};
/* End XCConfigurationList section */
	};
	rootObject = E46EF4241B8AB56B00CEC0D0 /* Project object */;
}
